{
  "packages": {
    "node_modules/test-package-1": {
      "version": "1.0.0"
    },
    "node_modules/test-package-2": {
      "version": "2.1.0"
    },
    "node_modules/@scope/test-package": {
      "version": "3.0.1"
    },
    "node_modules/safe-package": {
      "version": "1.0.0"
    },
    "node_modules/clean-package": {
      "version": "2.0.0"
    }
  }
}